
Microsoft Visual Studio Solution File, Format Version 12.00
# Visual Studio Version 17
VisualStudioVersion = 17.11.35327.3
MinimumVisualStudioVersion = 10.0.40219.1
Project("{778DAE3C-4631-46EA-AA77-85C1314464D9}") = "Repo Issues Tracker", "Repo Issues Tracker.vbproj", "{C2AC30B9-99FB-434B-AE83-CC8C731D6111}"
EndProject
Project("{54435603-DBB4-11D2-8724-00A0C9A8B90C}") = "Repo Issues Tracker Installer", "..\Repo Issues Tracker Installer\Repo Issues Tracker Installer.vdproj", "{E7A2DF7A-B855-4B75-A21C-3571A4317CFE}"
EndProject
Global
	GlobalSection(SolutionConfigurationPlatforms) = preSolution
		Debug|Any CPU = Debug|Any CPU
		Release|Any CPU = Release|Any CPU
	EndGlobalSection
	GlobalSection(ProjectConfigurationPlatforms) = postSolution
		{C2AC30B9-99FB-434B-AE83-CC8C731D6111}.Debug|Any CPU.ActiveCfg = Debug|Any CPU
		{C2AC30B9-99FB-434B-AE83-CC8C731D6111}.Debug|Any CPU.Build.0 = Debug|Any CPU
		{C2AC30B9-99FB-434B-AE83-CC8C731D6111}.Release|Any CPU.ActiveCfg = Release|Any CPU
		{C2AC30B9-99FB-434B-AE83-CC8C731D6111}.Release|Any CPU.Build.0 = Release|Any CPU
		{E7A2DF7A-B855-4B75-A21C-3571A4317CFE}.Debug|Any CPU.ActiveCfg = Debug
		{E7A2DF7A-B855-4B75-A21C-3571A4317CFE}.Release|Any CPU.ActiveCfg = Release
	EndGlobalSection
	GlobalSection(SolutionProperties) = preSolution
		HideSolutionNode = FALSE
	EndGlobalSection
	GlobalSection(ExtensibilityGlobals) = postSolution
		SolutionGuid = {E9F2BC58-8CBF-40D4-8617-BD1BD5722E5F}
	EndGlobalSection
EndGlobal
